
Microsoft Visual Studio Solution File, Format Version 12.00
# Visual Studio Version 17
VisualStudioVersion = 17.9.34414.90
MinimumVisualStudioVersion = 10.0.40219.1
Project("{FAE04EC0-301F-11D3-BF4B-00C04F79EFBC}") = "TelerikFontFinder", "TelerikFontFinder\TelerikFontFinder.csproj", "{412B2AD0-29C1-4283-8425-80256AA4030B}"
EndProject
Global
	GlobalSection(SolutionConfigurationPlatforms) = preSolution
		Debug|Any CPU = Debug|Any CPU
		Release|Any CPU = Release|Any CPU
	EndGlobalSection
	GlobalSection(ProjectConfigurationPlatforms) = postSolution
		{412B2AD0-29C1-4283-8425-80256AA4030B}.Debug|Any CPU.ActiveCfg = Debug|Any CPU
		{412B2AD0-29C1-4283-8425-80256AA4030B}.Debug|Any CPU.Build.0 = Debug|Any CPU
		{412B2AD0-29C1-4283-8425-80256AA4030B}.Release|Any CPU.ActiveCfg = Release|Any CPU
		{412B2AD0-29C1-4283-8425-80256AA4030B}.Release|Any CPU.Build.0 = Release|Any CPU
	EndGlobalSection
	GlobalSection(SolutionProperties) = preSolution
		HideSolutionNode = FALSE
	EndGlobalSection
	GlobalSection(ExtensibilityGlobals) = postSolution
		SolutionGuid = {DEA5E363-E385-4499-9DF4-67DCE6C5ECCA}
	EndGlobalSection
EndGlobal
